
Microsoft Visual Studio Solution File, Format Version 12.00
# Visual Studio Version 16
VisualStudioVersion = 16.0.31112.23
MinimumVisualStudioVersion = 10.0.40219.1
Project("{888888A0-9F3D-457C-B088-3A5042F75D52}") = "noget", "noget\noget.pyproj", "{E7EBDAF3-BF0A-40E2-826B-B4AA300E3F63}"
EndProject
Global
	GlobalSection(SolutionConfigurationPlatforms) = preSolution
		Debug|Any CPU = Debug|Any CPU
		Release|Any CPU = Release|Any CPU
	EndGlobalSection
	GlobalSection(ProjectConfigurationPlatforms) = postSolution
		{E7EBDAF3-BF0A-40E2-826B-B4AA300E3F63}.Debug|Any CPU.ActiveCfg = Debug|Any CPU
		{E7EBDAF3-BF0A-40E2-826B-B4AA300E3F63}.Release|Any CPU.ActiveCfg = Release|Any CPU
	EndGlobalSection
	GlobalSection(SolutionProperties) = preSolution
		HideSolutionNode = FALSE
	EndGlobalSection
	GlobalSection(ExtensibilityGlobals) = postSolution
		SolutionGuid = {8EB498EC-8797-44A9-8C9C-FFDCE2087B95}
	EndGlobalSection
EndGlobal
